
Microsoft Visual Studio Solution File, Format Version 12.00
Project("{FAE04EC0-301F-11D3-BF4B-00C04F79EFBC}") = "TestTaskForWork", "TestTaskForWork\TestTaskForWork.csproj", "{B403D037-9899-40D5-A504-24F29F8B3D5C}"
EndProject
Global
	GlobalSection(SolutionConfigurationPlatforms) = preSolution
		Debug|Any CPU = Debug|Any CPU
		Release|Any CPU = Release|Any CPU
	EndGlobalSection
	GlobalSection(ProjectConfigurationPlatforms) = postSolution
		{B403D037-9899-40D5-A504-24F29F8B3D5C}.Debug|Any CPU.ActiveCfg = Debug|Any CPU
		{B403D037-9899-40D5-A504-24F29F8B3D5C}.Debug|Any CPU.Build.0 = Debug|Any CPU
		{B403D037-9899-40D5-A504-24F29F8B3D5C}.Release|Any CPU.ActiveCfg = Release|Any CPU
		{B403D037-9899-40D5-A504-24F29F8B3D5C}.Release|Any CPU.Build.0 = Release|Any CPU
	EndGlobalSection
EndGlobal
